
Microsoft Visual Studio Solution File, Format Version 12.00
# Visual Studio 15
VisualStudioVersion = 15.0.26430.6
MinimumVisualStudioVersion = 10.0.40219.1
Project("{FAE04EC0-301F-11D3-BF4B-00C04F79EFBC}") = "BowlingGame", "BowlingGame\BowlingGame.csproj", "{05DAC58D-7F48-4548-8325-6F7985A382F1}"
EndProject
Project("{FAE04EC0-301F-11D3-BF4B-00C04F79EFBC}") = "BowlingGameTests", "BowlingGameTests\BowlingGameTests.csproj", "{5341C4D4-D8FF-4891-B908-58C196B7F023}"
EndProject
Global
	GlobalSection(SolutionConfigurationPlatforms) = preSolution
		Debug|Any CPU = Debug|Any CPU
		Release|Any CPU = Release|Any CPU
	EndGlobalSection
	GlobalSection(ProjectConfigurationPlatforms) = postSolution
		{05DAC58D-7F48-4548-8325-6F7985A382F1}.Debug|Any CPU.ActiveCfg = Debug|Any CPU
		{05DAC58D-7F48-4548-8325-6F7985A382F1}.Debug|Any CPU.Build.0 = Debug|Any CPU
		{05DAC58D-7F48-4548-8325-6F7985A382F1}.Release|Any CPU.ActiveCfg = Release|Any CPU
		{05DAC58D-7F48-4548-8325-6F7985A382F1}.Release|Any CPU.Build.0 = Release|Any CPU
		{5341C4D4-D8FF-4891-B908-58C196B7F023}.Debug|Any CPU.ActiveCfg = Debug|Any CPU
		{5341C4D4-D8FF-4891-B908-58C196B7F023}.Debug|Any CPU.Build.0 = Debug|Any CPU
		{5341C4D4-D8FF-4891-B908-58C196B7F023}.Release|Any CPU.ActiveCfg = Release|Any CPU
		{5341C4D4-D8FF-4891-B908-58C196B7F023}.Release|Any CPU.Build.0 = Release|Any CPU
	EndGlobalSection
	GlobalSection(SolutionProperties) = preSolution
		HideSolutionNode = FALSE
	EndGlobalSection
EndGlobal
